
Microsoft Visual Studio Solution File, Format Version 12.00
# Visual Studio Version 17
VisualStudioVersion = 17.3.32901.215
MinimumVisualStudioVersion = 10.0.40219.1
Project("{FAE04EC0-301F-11D3-BF4B-00C04F79EFBC}") = "Net.M.A012.Exercise1", "Net.M.A012.Exercise1\Net.M.A012.Exercise1.csproj", "{E1A32390-3A81-41C7-BFED-6B50C9E3AA5E}"
EndProject
Global
	GlobalSection(SolutionConfigurationPlatforms) = preSolution
		Debug|Any CPU = Debug|Any CPU
		Release|Any CPU = Release|Any CPU
	EndGlobalSection
	GlobalSection(ProjectConfigurationPlatforms) = postSolution
		{E1A32390-3A81-41C7-BFED-6B50C9E3AA5E}.Debug|Any CPU.ActiveCfg = Debug|Any CPU
		{E1A32390-3A81-41C7-BFED-6B50C9E3AA5E}.Debug|Any CPU.Build.0 = Debug|Any CPU
		{E1A32390-3A81-41C7-BFED-6B50C9E3AA5E}.Release|Any CPU.ActiveCfg = Release|Any CPU
		{E1A32390-3A81-41C7-BFED-6B50C9E3AA5E}.Release|Any CPU.Build.0 = Release|Any CPU
	EndGlobalSection
	GlobalSection(SolutionProperties) = preSolution
		HideSolutionNode = FALSE
	EndGlobalSection
	GlobalSection(ExtensibilityGlobals) = postSolution
		SolutionGuid = {9A03C04E-99C5-4B13-A43D-ABFE732244F0}
	EndGlobalSection
EndGlobal
