
Microsoft Visual Studio Solution File, Format Version 12.00
# Visual Studio Version 17
VisualStudioVersion = 17.4.33213.308
MinimumVisualStudioVersion = 10.0.40219.1
Project("{9A19103F-16F7-4668-BE54-9A1E7A4F7556}") = "Net.M.A004.Exercise1", "Net.M.A004.Exercise1\Net.M.A004.Exercise1.csproj", "{99B233B5-A806-47E4-8D9A-325B0835BB00}"
EndProject
Project("{FAE04EC0-301F-11D3-BF4B-00C04F79EFBC}") = "Net.M.A004.Exercise2", "Net.M.A004.Exercise2\Net.M.A004.Exercise2.csproj", "{3EF3B883-B825-45CA-B04D-283A11B3E655}"
EndProject
Global
	GlobalSection(SolutionConfigurationPlatforms) = preSolution
		Debug|Any CPU = Debug|Any CPU
		Release|Any CPU = Release|Any CPU
	EndGlobalSection
	GlobalSection(ProjectConfigurationPlatforms) = postSolution
		{99B233B5-A806-47E4-8D9A-325B0835BB00}.Debug|Any CPU.ActiveCfg = Debug|Any CPU
		{99B233B5-A806-47E4-8D9A-325B0835BB00}.Debug|Any CPU.Build.0 = Debug|Any CPU
		{99B233B5-A806-47E4-8D9A-325B0835BB00}.Release|Any CPU.ActiveCfg = Release|Any CPU
		{99B233B5-A806-47E4-8D9A-325B0835BB00}.Release|Any CPU.Build.0 = Release|Any CPU
		{3EF3B883-B825-45CA-B04D-283A11B3E655}.Debug|Any CPU.ActiveCfg = Debug|Any CPU
		{3EF3B883-B825-45CA-B04D-283A11B3E655}.Debug|Any CPU.Build.0 = Debug|Any CPU
		{3EF3B883-B825-45CA-B04D-283A11B3E655}.Release|Any CPU.ActiveCfg = Release|Any CPU
		{3EF3B883-B825-45CA-B04D-283A11B3E655}.Release|Any CPU.Build.0 = Release|Any CPU
	EndGlobalSection
	GlobalSection(SolutionProperties) = preSolution
		HideSolutionNode = FALSE
	EndGlobalSection
	GlobalSection(ExtensibilityGlobals) = postSolution
		SolutionGuid = {54EDA9B4-2C89-4CCC-8DE6-DF52ECB02CD0}
	EndGlobalSection
EndGlobal
