
Microsoft Visual Studio Solution File, Format Version 12.00
# Visual Studio Version 17
VisualStudioVersion = 17.4.33213.308
MinimumVisualStudioVersion = 10.0.40219.1
Project("{FAE04EC0-301F-11D3-BF4B-00C04F79EFBC}") = "Log4NetSample.LogUtility", "Log4NetSample.LogUtility\Log4NetSample.LogUtility.csproj", "{121B4292-227A-4CBB-A6B6-3CCDCFB07BF6}"
EndProject
Project("{FAE04EC0-301F-11D3-BF4B-00C04F79EFBC}") = "Log4NetSample.ConsoleApp", "Log4NetSample.ConsoleApp\Log4NetSample.ConsoleApp.csproj", "{BD2D6578-6A57-4640-B89F-5F3B66B82E1D}"
EndProject
Global
	GlobalSection(SolutionConfigurationPlatforms) = preSolution
		Debug|Any CPU = Debug|Any CPU
		Release|Any CPU = Release|Any CPU
	EndGlobalSection
	GlobalSection(ProjectConfigurationPlatforms) = postSolution
		{121B4292-227A-4CBB-A6B6-3CCDCFB07BF6}.Debug|Any CPU.ActiveCfg = Debug|Any CPU
		{121B4292-227A-4CBB-A6B6-3CCDCFB07BF6}.Debug|Any CPU.Build.0 = Debug|Any CPU
		{121B4292-227A-4CBB-A6B6-3CCDCFB07BF6}.Release|Any CPU.ActiveCfg = Release|Any CPU
		{121B4292-227A-4CBB-A6B6-3CCDCFB07BF6}.Release|Any CPU.Build.0 = Release|Any CPU
		{BD2D6578-6A57-4640-B89F-5F3B66B82E1D}.Debug|Any CPU.ActiveCfg = Debug|Any CPU
		{BD2D6578-6A57-4640-B89F-5F3B66B82E1D}.Debug|Any CPU.Build.0 = Debug|Any CPU
		{BD2D6578-6A57-4640-B89F-5F3B66B82E1D}.Release|Any CPU.ActiveCfg = Release|Any CPU
		{BD2D6578-6A57-4640-B89F-5F3B66B82E1D}.Release|Any CPU.Build.0 = Release|Any CPU
	EndGlobalSection
	GlobalSection(SolutionProperties) = preSolution
		HideSolutionNode = FALSE
	EndGlobalSection
	GlobalSection(ExtensibilityGlobals) = postSolution
		SolutionGuid = {129FC470-AB65-49BE-8A03-87BDA06C0F77}
	EndGlobalSection
EndGlobal
