
Microsoft Visual Studio Solution File, Format Version 12.00
# Visual Studio Version 17
VisualStudioVersion = 17.4.33213.308
MinimumVisualStudioVersion = 10.0.40219.1
Project("{FAE04EC0-301F-11D3-BF4B-00C04F79EFBC}") = "NPLC_Assignment12.Excercise", "NPLC_Assignment12.Excercise\NPLC_Assignment12.Excercise.csproj", "{5ADE217A-E79C-4C32-BC34-D3C5A6D9AAE1}"
EndProject
Project("{FAE04EC0-301F-11D3-BF4B-00C04F79EFBC}") = "NPLC_Assignment12.Excercise.UnitTest", "NPLC_Assignment12.Excercise.UnitTest\NPLC_Assignment12.Excercise.UnitTest.csproj", "{B3235351-4C7D-4A19-86A0-2707F57552CD}"
EndProject
Global
	GlobalSection(SolutionConfigurationPlatforms) = preSolution
		Debug|Any CPU = Debug|Any CPU
		Release|Any CPU = Release|Any CPU
	EndGlobalSection
	GlobalSection(ProjectConfigurationPlatforms) = postSolution
		{5ADE217A-E79C-4C32-BC34-D3C5A6D9AAE1}.Debug|Any CPU.ActiveCfg = Debug|Any CPU
		{5ADE217A-E79C-4C32-BC34-D3C5A6D9AAE1}.Debug|Any CPU.Build.0 = Debug|Any CPU
		{5ADE217A-E79C-4C32-BC34-D3C5A6D9AAE1}.Release|Any CPU.ActiveCfg = Release|Any CPU
		{5ADE217A-E79C-4C32-BC34-D3C5A6D9AAE1}.Release|Any CPU.Build.0 = Release|Any CPU
		{B3235351-4C7D-4A19-86A0-2707F57552CD}.Debug|Any CPU.ActiveCfg = Debug|Any CPU
		{B3235351-4C7D-4A19-86A0-2707F57552CD}.Debug|Any CPU.Build.0 = Debug|Any CPU
		{B3235351-4C7D-4A19-86A0-2707F57552CD}.Release|Any CPU.ActiveCfg = Release|Any CPU
		{B3235351-4C7D-4A19-86A0-2707F57552CD}.Release|Any CPU.Build.0 = Release|Any CPU
	EndGlobalSection
	GlobalSection(SolutionProperties) = preSolution
		HideSolutionNode = FALSE
	EndGlobalSection
	GlobalSection(ExtensibilityGlobals) = postSolution
		SolutionGuid = {1B593426-4F5E-4FC6-932D-8C73C0C99966}
	EndGlobalSection
EndGlobal
