
Microsoft Visual Studio Solution File, Format Version 12.00
# Visual Studio Version 17
VisualStudioVersion = 17.4.33213.308
MinimumVisualStudioVersion = 10.0.40219.1
Project("{FAE04EC0-301F-11D3-BF4B-00C04F79EFBC}") = "NUnitTestExample", "NUnitTestExample\NUnitTestExample.csproj", "{AB3A29EE-C46B-47C6-AEDF-074AFBD6133E}"
EndProject
Project("{FAE04EC0-301F-11D3-BF4B-00C04F79EFBC}") = "NUnitTestExample.Test", "NUnitTestExample.Test\NUnitTestExample.Test.csproj", "{64613C97-B1E3-4827-AE3C-35175C7E3732}"
EndProject
Global
	GlobalSection(SolutionConfigurationPlatforms) = preSolution
		Debug|Any CPU = Debug|Any CPU
		Release|Any CPU = Release|Any CPU
	EndGlobalSection
	GlobalSection(ProjectConfigurationPlatforms) = postSolution
		{AB3A29EE-C46B-47C6-AEDF-074AFBD6133E}.Debug|Any CPU.ActiveCfg = Debug|Any CPU
		{AB3A29EE-C46B-47C6-AEDF-074AFBD6133E}.Debug|Any CPU.Build.0 = Debug|Any CPU
		{AB3A29EE-C46B-47C6-AEDF-074AFBD6133E}.Release|Any CPU.ActiveCfg = Release|Any CPU
		{AB3A29EE-C46B-47C6-AEDF-074AFBD6133E}.Release|Any CPU.Build.0 = Release|Any CPU
		{64613C97-B1E3-4827-AE3C-35175C7E3732}.Debug|Any CPU.ActiveCfg = Debug|Any CPU
		{64613C97-B1E3-4827-AE3C-35175C7E3732}.Debug|Any CPU.Build.0 = Debug|Any CPU
		{64613C97-B1E3-4827-AE3C-35175C7E3732}.Release|Any CPU.ActiveCfg = Release|Any CPU
		{64613C97-B1E3-4827-AE3C-35175C7E3732}.Release|Any CPU.Build.0 = Release|Any CPU
	EndGlobalSection
	GlobalSection(SolutionProperties) = preSolution
		HideSolutionNode = FALSE
	EndGlobalSection
	GlobalSection(ExtensibilityGlobals) = postSolution
		SolutionGuid = {75F75BC0-9F9D-4904-A127-343BCC251E55}
	EndGlobalSection
EndGlobal
