
Microsoft Visual Studio Solution File, Format Version 12.00
# Visual Studio Version 17
VisualStudioVersion = 17.3.32825.248
MinimumVisualStudioVersion = 10.0.40219.1
Project("{FAE04EC0-301F-11D3-BF4B-00C04F79EFBC}") = "TPBank.Exceptions", "TPBank.Exceptions\TPBank.Exceptions.csproj", "{1AEB459D-A979-4651-9B31-387C7B740A3F}"
EndProject
Project("{FAE04EC0-301F-11D3-BF4B-00C04F79EFBC}") = "TPbank.Entities", "TPbank.Entities\TPbank.Entities.csproj", "{2BF76B9D-D0B5-47CD-87F0-499A31BA1156}"
EndProject
Project("{FAE04EC0-301F-11D3-BF4B-00C04F79EFBC}") = "TPBank.DataAccessLayer", "TPBank.DataAccessLayer\TPBank.DataAccessLayer.csproj", "{D242ED18-3CCB-4A41-8246-B0EA76E8949F}"
EndProject
Project("{FAE04EC0-301F-11D3-BF4B-00C04F79EFBC}") = "TPBank.BusinessLogicLayer", "TPBank.BusinessLogicLayer\TPBank.BusinessLogicLayer.csproj", "{2DD77AB0-B961-401A-873C-B81EFF06E21F}"
EndProject
Project("{FAE04EC0-301F-11D3-BF4B-00C04F79EFBC}") = "TPBank.Presentation", "TPBank.Presentation\TPBank.Presentation.csproj", "{40662A02-F2ED-4380-9CD4-5239EC005CB3}"
EndProject
Global
	GlobalSection(SolutionConfigurationPlatforms) = preSolution
		Debug|Any CPU = Debug|Any CPU
		Release|Any CPU = Release|Any CPU
	EndGlobalSection
	GlobalSection(ProjectConfigurationPlatforms) = postSolution
		{1AEB459D-A979-4651-9B31-387C7B740A3F}.Debug|Any CPU.ActiveCfg = Debug|Any CPU
		{1AEB459D-A979-4651-9B31-387C7B740A3F}.Debug|Any CPU.Build.0 = Debug|Any CPU
		{1AEB459D-A979-4651-9B31-387C7B740A3F}.Release|Any CPU.ActiveCfg = Release|Any CPU
		{1AEB459D-A979-4651-9B31-387C7B740A3F}.Release|Any CPU.Build.0 = Release|Any CPU
		{2BF76B9D-D0B5-47CD-87F0-499A31BA1156}.Debug|Any CPU.ActiveCfg = Debug|Any CPU
		{2BF76B9D-D0B5-47CD-87F0-499A31BA1156}.Debug|Any CPU.Build.0 = Debug|Any CPU
		{2BF76B9D-D0B5-47CD-87F0-499A31BA1156}.Release|Any CPU.ActiveCfg = Release|Any CPU
		{2BF76B9D-D0B5-47CD-87F0-499A31BA1156}.Release|Any CPU.Build.0 = Release|Any CPU
		{D242ED18-3CCB-4A41-8246-B0EA76E8949F}.Debug|Any CPU.ActiveCfg = Debug|Any CPU
		{D242ED18-3CCB-4A41-8246-B0EA76E8949F}.Debug|Any CPU.Build.0 = Debug|Any CPU
		{D242ED18-3CCB-4A41-8246-B0EA76E8949F}.Release|Any CPU.ActiveCfg = Release|Any CPU
		{D242ED18-3CCB-4A41-8246-B0EA76E8949F}.Release|Any CPU.Build.0 = Release|Any CPU
		{2DD77AB0-B961-401A-873C-B81EFF06E21F}.Debug|Any CPU.ActiveCfg = Debug|Any CPU
		{2DD77AB0-B961-401A-873C-B81EFF06E21F}.Debug|Any CPU.Build.0 = Debug|Any CPU
		{2DD77AB0-B961-401A-873C-B81EFF06E21F}.Release|Any CPU.ActiveCfg = Release|Any CPU
		{2DD77AB0-B961-401A-873C-B81EFF06E21F}.Release|Any CPU.Build.0 = Release|Any CPU
		{40662A02-F2ED-4380-9CD4-5239EC005CB3}.Debug|Any CPU.ActiveCfg = Debug|Any CPU
		{40662A02-F2ED-4380-9CD4-5239EC005CB3}.Debug|Any CPU.Build.0 = Debug|Any CPU
		{40662A02-F2ED-4380-9CD4-5239EC005CB3}.Release|Any CPU.ActiveCfg = Release|Any CPU
		{40662A02-F2ED-4380-9CD4-5239EC005CB3}.Release|Any CPU.Build.0 = Release|Any CPU
	EndGlobalSection
	GlobalSection(SolutionProperties) = preSolution
		HideSolutionNode = FALSE
	EndGlobalSection
	GlobalSection(ExtensibilityGlobals) = postSolution
		SolutionGuid = {82CDD440-E65B-43CC-95AD-A507FEC0F435}
	EndGlobalSection
EndGlobal
