
Microsoft Visual Studio Solution File, Format Version 12.00
# Visual Studio Version 17
VisualStudioVersion = 17.4.33213.308
MinimumVisualStudioVersion = 10.0.40219.1
Project("{FAE04EC0-301F-11D3-BF4B-00C04F79EFBC}") = "Net.M.A011.Exercise1", "Net.M.A011.Exercise1\Net.M.A011.Exercise1.csproj", "{DA2949D6-1B0F-4652-BB90-51F5CEE88E0E}"
EndProject
Project("{FAE04EC0-301F-11D3-BF4B-00C04F79EFBC}") = "Net.M.A011.Exercise2", "Net.M.A011.Exercise2\Net.M.A011.Exercise2.csproj", "{994A79C0-D4F5-4C9E-86C5-57776A2B42A8}"
EndProject
Project("{FAE04EC0-301F-11D3-BF4B-00C04F79EFBC}") = "Net.M.A011.Exercise3", "Net.M.A011.Exercise3\Net.M.A011.Exercise3.csproj", "{6F230E0A-2B4C-47B9-A8C6-0A9EA8119F1C}"
EndProject
Global
	GlobalSection(SolutionConfigurationPlatforms) = preSolution
		Debug|Any CPU = Debug|Any CPU
		Release|Any CPU = Release|Any CPU
	EndGlobalSection
	GlobalSection(ProjectConfigurationPlatforms) = postSolution
		{DA2949D6-1B0F-4652-BB90-51F5CEE88E0E}.Debug|Any CPU.ActiveCfg = Debug|Any CPU
		{DA2949D6-1B0F-4652-BB90-51F5CEE88E0E}.Debug|Any CPU.Build.0 = Debug|Any CPU
		{DA2949D6-1B0F-4652-BB90-51F5CEE88E0E}.Release|Any CPU.ActiveCfg = Release|Any CPU
		{DA2949D6-1B0F-4652-BB90-51F5CEE88E0E}.Release|Any CPU.Build.0 = Release|Any CPU
		{994A79C0-D4F5-4C9E-86C5-57776A2B42A8}.Debug|Any CPU.ActiveCfg = Debug|Any CPU
		{994A79C0-D4F5-4C9E-86C5-57776A2B42A8}.Debug|Any CPU.Build.0 = Debug|Any CPU
		{994A79C0-D4F5-4C9E-86C5-57776A2B42A8}.Release|Any CPU.ActiveCfg = Release|Any CPU
		{994A79C0-D4F5-4C9E-86C5-57776A2B42A8}.Release|Any CPU.Build.0 = Release|Any CPU
		{6F230E0A-2B4C-47B9-A8C6-0A9EA8119F1C}.Debug|Any CPU.ActiveCfg = Debug|Any CPU
		{6F230E0A-2B4C-47B9-A8C6-0A9EA8119F1C}.Debug|Any CPU.Build.0 = Debug|Any CPU
		{6F230E0A-2B4C-47B9-A8C6-0A9EA8119F1C}.Release|Any CPU.ActiveCfg = Release|Any CPU
		{6F230E0A-2B4C-47B9-A8C6-0A9EA8119F1C}.Release|Any CPU.Build.0 = Release|Any CPU
	EndGlobalSection
	GlobalSection(SolutionProperties) = preSolution
		HideSolutionNode = FALSE
	EndGlobalSection
	GlobalSection(ExtensibilityGlobals) = postSolution
		SolutionGuid = {C0F7F9C7-CD2E-49C6-B38D-104A8133FCB7}
	EndGlobalSection
EndGlobal
